
Microsoft Visual Studio Solution File, Format Version 12.00
# Visual Studio 15
VisualStudioVersion = 15.0.27428.2037
MinimumVisualStudioVersion = 10.0.40219.1
Project("{FAE04EC0-301F-11D3-BF4B-00C04F79EFBC}") = "triprouteservice", "triprouteservice\triprouteservice.csproj", "{10A7D963-59A8-41D5-8019-C2045E6E6505}"
EndProject
Global
	GlobalSection(SolutionConfigurationPlatforms) = preSolution
		Debug|Any CPU = Debug|Any CPU
		Release|Any CPU = Release|Any CPU
	EndGlobalSection
	GlobalSection(ProjectConfigurationPlatforms) = postSolution
		{10A7D963-59A8-41D5-8019-C2045E6E6505}.Debug|Any CPU.ActiveCfg = Debug|Any CPU
		{10A7D963-59A8-41D5-8019-C2045E6E6505}.Debug|Any CPU.Build.0 = Debug|Any CPU
		{10A7D963-59A8-41D5-8019-C2045E6E6505}.Release|Any CPU.ActiveCfg = Release|Any CPU
		{10A7D963-59A8-41D5-8019-C2045E6E6505}.Release|Any CPU.Build.0 = Release|Any CPU
	EndGlobalSection
	GlobalSection(SolutionProperties) = preSolution
		HideSolutionNode = FALSE
	EndGlobalSection
	GlobalSection(ExtensibilityGlobals) = postSolution
		SolutionGuid = {0A235436-1C81-42F9-8279-2065FAA3BD36}
	EndGlobalSection
EndGlobal
